
Microsoft Visual Studio Solution File, Format Version 12.00
# Visual Studio 15
VisualStudioVersion = 15.0.27703.2042
MinimumVisualStudioVersion = 10.0.40219.1
Project("{FAE04EC0-301F-11D3-BF4B-00C04F79EFBC}") = "CoordenadasPalabras", "CoordenadasPalabras\CoordenadasPalabras.csproj", "{E045520D-6299-46DB-B37E-11C8BEBA6528}"
EndProject
Project("{FAE04EC0-301F-11D3-BF4B-00C04F79EFBC}") = "CoordenadasPalabrasTest", "CoordenadasPalabrasTest\CoordenadasPalabrasTest.csproj", "{75FAD37D-6996-49C8-8F37-F842B24E24FB}"
EndProject
Global
	GlobalSection(SolutionConfigurationPlatforms) = preSolution
		Debug|Any CPU = Debug|Any CPU
		Release|Any CPU = Release|Any CPU
	EndGlobalSection
	GlobalSection(ProjectConfigurationPlatforms) = postSolution
		{E045520D-6299-46DB-B37E-11C8BEBA6528}.Debug|Any CPU.ActiveCfg = Debug|Any CPU
		{E045520D-6299-46DB-B37E-11C8BEBA6528}.Debug|Any CPU.Build.0 = Debug|Any CPU
		{E045520D-6299-46DB-B37E-11C8BEBA6528}.Release|Any CPU.ActiveCfg = Release|Any CPU
		{E045520D-6299-46DB-B37E-11C8BEBA6528}.Release|Any CPU.Build.0 = Release|Any CPU
		{75FAD37D-6996-49C8-8F37-F842B24E24FB}.Debug|Any CPU.ActiveCfg = Debug|Any CPU
		{75FAD37D-6996-49C8-8F37-F842B24E24FB}.Debug|Any CPU.Build.0 = Debug|Any CPU
		{75FAD37D-6996-49C8-8F37-F842B24E24FB}.Release|Any CPU.ActiveCfg = Release|Any CPU
		{75FAD37D-6996-49C8-8F37-F842B24E24FB}.Release|Any CPU.Build.0 = Release|Any CPU
	EndGlobalSection
	GlobalSection(SolutionProperties) = preSolution
		HideSolutionNode = FALSE
	EndGlobalSection
	GlobalSection(ExtensibilityGlobals) = postSolution
		SolutionGuid = {C8AF517F-2446-4CC6-96D5-AD077B9AE01C}
	EndGlobalSection
EndGlobal
